
Microsoft Visual Studio Solution File, Format Version 12.00
# Visual Studio 15
VisualStudioVersion = 15.0.28010.2046
MinimumVisualStudioVersion = 10.0.40219.1
Project("{FAE04EC0-301F-11D3-BF4B-00C04F79EFBC}") = "Rajveer Assignment", "Rajveer Assignment\Rajveer Assignment.csproj", "{001D7397-2BA3-4AD9-A372-9FC7C675253B}"
EndProject
Global
	GlobalSection(SolutionConfigurationPlatforms) = preSolution
		Debug|Any CPU = Debug|Any CPU
		Release|Any CPU = Release|Any CPU
	EndGlobalSection
	GlobalSection(ProjectConfigurationPlatforms) = postSolution
		{001D7397-2BA3-4AD9-A372-9FC7C675253B}.Debug|Any CPU.ActiveCfg = Debug|Any CPU
		{001D7397-2BA3-4AD9-A372-9FC7C675253B}.Debug|Any CPU.Build.0 = Debug|Any CPU
		{001D7397-2BA3-4AD9-A372-9FC7C675253B}.Release|Any CPU.ActiveCfg = Release|Any CPU
		{001D7397-2BA3-4AD9-A372-9FC7C675253B}.Release|Any CPU.Build.0 = Release|Any CPU
	EndGlobalSection
	GlobalSection(SolutionProperties) = preSolution
		HideSolutionNode = FALSE
	EndGlobalSection
	GlobalSection(ExtensibilityGlobals) = postSolution
		SolutionGuid = {90AC0283-1837-40EB-80D6-9CF4C3DEBB11}
	EndGlobalSection
EndGlobal
